
Microsoft Visual Studio Solution File, Format Version 12.00
# Visual Studio Version 16
VisualStudioVersion = 16.0.31205.134
MinimumVisualStudioVersion = 10.0.40219.1
Project("{FAE04EC0-301F-11D3-BF4B-00C04F79EFBC}") = "Talk-to-me", "Talk-to-me\Talk-to-me.csproj", "{590344B7-4B5A-438A-AE69-A4694224A2E6}"
EndProject
Global
	GlobalSection(SolutionConfigurationPlatforms) = preSolution
		Debug|Any CPU = Debug|Any CPU
		Release|Any CPU = Release|Any CPU
	EndGlobalSection
	GlobalSection(ProjectConfigurationPlatforms) = postSolution
		{590344B7-4B5A-438A-AE69-A4694224A2E6}.Debug|Any CPU.ActiveCfg = Debug|Any CPU
		{590344B7-4B5A-438A-AE69-A4694224A2E6}.Debug|Any CPU.Build.0 = Debug|Any CPU
		{590344B7-4B5A-438A-AE69-A4694224A2E6}.Release|Any CPU.ActiveCfg = Release|Any CPU
		{590344B7-4B5A-438A-AE69-A4694224A2E6}.Release|Any CPU.Build.0 = Release|Any CPU
	EndGlobalSection
	GlobalSection(SolutionProperties) = preSolution
		HideSolutionNode = FALSE
	EndGlobalSection
	GlobalSection(ExtensibilityGlobals) = postSolution
		SolutionGuid = {581BB07D-F805-425E-BB3A-899CF083F69B}
	EndGlobalSection
EndGlobal
